
Microsoft Visual Studio Solution File, Format Version 12.00
# Visual Studio 14
VisualStudioVersion = 14.0.25420.1
MinimumVisualStudioVersion = 10.0.40219.1
Project("{FAE04EC0-301F-11D3-BF4B-00C04F79EFBC}") = "Barbar.HexGrid", "HexGrid\Barbar.HexGrid.csproj", "{730CE1A8-6F93-424D-AAF1-057182BC21EF}"
EndProject
Project("{FAE04EC0-301F-11D3-BF4B-00C04F79EFBC}") = "Barbar.HexGridTest", "HexGridTest\Barbar.HexGridTest.csproj", "{5006EA84-39F5-4C19-8A98-8A2B7007B3D8}"
	ProjectSection(ProjectDependencies) = postProject
		{730CE1A8-6F93-424D-AAF1-057182BC21EF} = {730CE1A8-6F93-424D-AAF1-057182BC21EF}
	EndProjectSection
EndProject
Project("{FAE04EC0-301F-11D3-BF4B-00C04F79EFBC}") = "Barbar.HexGridExample", "HexGridExample\Barbar.HexGridExample.csproj", "{508A6102-47E9-49BB-ABA6-8FEF7CAFCBEA}"
	ProjectSection(ProjectDependencies) = postProject
		{730CE1A8-6F93-424D-AAF1-057182BC21EF} = {730CE1A8-6F93-424D-AAF1-057182BC21EF}
	EndProjectSection
EndProject
Project("{2150E333-8FDC-42A3-9474-1A3956D46DE8}") = "Solution Items", "Solution Items", "{C1945B55-535A-4B2D-86EC-38EA745CEBB2}"
	ProjectSection(SolutionItems) = preProject
		icon.png = icon.png
		LICENSE = LICENSE
		README.md = README.md
	EndProjectSection
EndProject
Global
	GlobalSection(SolutionConfigurationPlatforms) = preSolution
		Debug|Any CPU = Debug|Any CPU
		Release|Any CPU = Release|Any CPU
	EndGlobalSection
	GlobalSection(ProjectConfigurationPlatforms) = postSolution
		{730CE1A8-6F93-424D-AAF1-057182BC21EF}.Debug|Any CPU.ActiveCfg = Debug|Any CPU
		{730CE1A8-6F93-424D-AAF1-057182BC21EF}.Debug|Any CPU.Build.0 = Debug|Any CPU
		{730CE1A8-6F93-424D-AAF1-057182BC21EF}.Release|Any CPU.ActiveCfg = Release|Any CPU
		{730CE1A8-6F93-424D-AAF1-057182BC21EF}.Release|Any CPU.Build.0 = Release|Any CPU
		{5006EA84-39F5-4C19-8A98-8A2B7007B3D8}.Debug|Any CPU.ActiveCfg = Debug|Any CPU
		{5006EA84-39F5-4C19-8A98-8A2B7007B3D8}.Debug|Any CPU.Build.0 = Debug|Any CPU
		{5006EA84-39F5-4C19-8A98-8A2B7007B3D8}.Release|Any CPU.ActiveCfg = Release|Any CPU
		{5006EA84-39F5-4C19-8A98-8A2B7007B3D8}.Release|Any CPU.Build.0 = Release|Any CPU
		{508A6102-47E9-49BB-ABA6-8FEF7CAFCBEA}.Debug|Any CPU.ActiveCfg = Debug|Any CPU
		{508A6102-47E9-49BB-ABA6-8FEF7CAFCBEA}.Debug|Any CPU.Build.0 = Debug|Any CPU
		{508A6102-47E9-49BB-ABA6-8FEF7CAFCBEA}.Release|Any CPU.ActiveCfg = Release|Any CPU
		{508A6102-47E9-49BB-ABA6-8FEF7CAFCBEA}.Release|Any CPU.Build.0 = Release|Any CPU
	EndGlobalSection
	GlobalSection(SolutionProperties) = preSolution
		HideSolutionNode = FALSE
	EndGlobalSection
EndGlobal
